
Microsoft Visual Studio Solution File, Format Version 12.00
# Visual Studio Version 17
VisualStudioVersion = 17.14.36623.8 d17.14
MinimumVisualStudioVersion = 10.0.40219.1
Project("{FAE04EC0-301F-11D3-BF4B-00C04F79EFBC}") = "UTS", "UTS\UTS.csproj", "{6EBDE2DC-F2A8-48DB-B8EB-E0AAB223C32B}"
EndProject
Global
	GlobalSection(SolutionConfigurationPlatforms) = preSolution
		Debug|Any CPU = Debug|Any CPU
		Release|Any CPU = Release|Any CPU
	EndGlobalSection
	GlobalSection(ProjectConfigurationPlatforms) = postSolution
		{6EBDE2DC-F2A8-48DB-B8EB-E0AAB223C32B}.Debug|Any CPU.ActiveCfg = Debug|Any CPU
		{6EBDE2DC-F2A8-48DB-B8EB-E0AAB223C32B}.Debug|Any CPU.Build.0 = Debug|Any CPU
		{6EBDE2DC-F2A8-48DB-B8EB-E0AAB223C32B}.Release|Any CPU.ActiveCfg = Release|Any CPU
		{6EBDE2DC-F2A8-48DB-B8EB-E0AAB223C32B}.Release|Any CPU.Build.0 = Release|Any CPU
	EndGlobalSection
	GlobalSection(SolutionProperties) = preSolution
		HideSolutionNode = FALSE
	EndGlobalSection
	GlobalSection(ExtensibilityGlobals) = postSolution
		SolutionGuid = {00F62852-E0CC-40CA-A70E-CB73A8AE1C14}
	EndGlobalSection
EndGlobal
